// !$*UTF8*$!
{
	archiveVersion = 1;
	classes = {
	};
	objectVersion = 56;
	objects = {

/* Begin PBXBuildFile section */
		97069AC72BA9B54C000FB62D /* ProductsResponseModel.swift in Sources */ = {isa = PBXBuildFile; fileRef = 97069AC62BA9B54C000FB62D /* ProductsResponseModel.swift */; };
		97069ACA2BA9B9A0000FB62D /* ProductsViewModel.swift in Sources */ = {isa = PBXBuildFile; fileRef = 97069AC92BA9B9A0000FB62D /* ProductsViewModel.swift */; };
		97069ACC2BA9BED9000FB62D /* CategoryCardView.swift in Sources */ = {isa = PBXBuildFile; fileRef = 97069ACB2BA9BED9000FB62D /* CategoryCardView.swift */; };
		97069ACE2BA9C2B2000FB62D /* CategoryModel.swift in Sources */ = {isa = PBXBuildFile; fileRef = 97069ACD2BA9C2B2000FB62D /* CategoryModel.swift */; };
		97069AD22BAACFE9000FB62D /* CategoryListView.swift in Sources */ = {isa = PBXBuildFile; fileRef = 97069AD12BAACFE9000FB62D /* CategoryListView.swift */; };
		97069AD42BAAD135000FB62D /* ProductCardVIew.swift in Sources */ = {isa = PBXBuildFile; fileRef = 97069AD32BAAD135000FB62D /* ProductCardVIew.swift */; };
		97069AD62BAAD162000FB62D /* ProductListView.swift in Sources */ = {isa = PBXBuildFile; fileRef = 97069AD52BAAD162000FB62D /* ProductListView.swift */; };
		97A35DDE2BA9AD22003C85A0 /* Maccabi_AssignmentApp.swift in Sources */ = {isa = PBXBuildFile; fileRef = 97A35DDD2BA9AD22003C85A0 /* Maccabi_AssignmentApp.swift */; };
		97A35DE02BA9AD22003C85A0 /* ContentView.swift in Sources */ = {isa = PBXBuildFile; fileRef = 97A35DDF2BA9AD22003C85A0 /* ContentView.swift */; };
		97A35DE22BA9AD23003C85A0 /* Assets.xcassets in Resources */ = {isa = PBXBuildFile; fileRef = 97A35DE12BA9AD23003C85A0 /* Assets.xcassets */; };
		97A35DE52BA9AD23003C85A0 /* Preview Assets.xcassets in Resources */ = {isa = PBXBuildFile; fileRef = 97A35DE42BA9AD23003C85A0 /* Preview Assets.xcassets */; };
		97A35DEF2BA9ADFA003C85A0 /* NetworkManager.swift in Sources */ = {isa = PBXBuildFile; fileRef = 97A35DEE2BA9ADFA003C85A0 /* NetworkManager.swift */; };
		97A35DF42BA9AF79003C85A0 /* ProductModel.swift in Sources */ = {isa = PBXBuildFile; fileRef = 97A35DF32BA9AF79003C85A0 /* ProductModel.swift */; };
/* End PBXBuildFile section */

/* Begin PBXFileReference section */
		97069AC62BA9B54C000FB62D /* ProductsResponseModel.swift */ = {isa = PBXFileReference; lastKnownFileType = sourcecode.swift; path = ProductsResponseModel.swift; sourceTree = "<group>"; };
		97069AC92BA9B9A0000FB62D /* ProductsViewModel.swift */ = {isa = PBXFileReference; lastKnownFileType = sourcecode.swift; path = ProductsViewModel.swift; sourceTree = "<group>"; };
		97069ACB2BA9BED9000FB62D /* CategoryCardView.swift */ = {isa = PBXFileReference; lastKnownFileType = sourcecode.swift; path = CategoryCardView.swift; sourceTree = "<group>"; };
		97069ACD2BA9C2B2000FB62D /* CategoryModel.swift */ = {isa = PBXFileReference; lastKnownFileType = sourcecode.swift; path = CategoryModel.swift; sourceTree = "<group>"; };
		97069AD12BAACFE9000FB62D /* CategoryListView.swift */ = {isa = PBXFileReference; lastKnownFileType = sourcecode.swift; path = CategoryListView.swift; sourceTree = "<group>"; };
		97069AD32BAAD135000FB62D /* ProductCardVIew.swift */ = {isa = PBXFileReference; lastKnownFileType = sourcecode.swift; path = ProductCardVIew.swift; sourceTree = "<group>"; };
		97069AD52BAAD162000FB62D /* ProductListView.swift */ = {isa = PBXFileReference; lastKnownFileType = sourcecode.swift; path = ProductListView.swift; sourceTree = "<group>"; };
		97A35DDA2BA9AD22003C85A0 /* Maccabi-Assignment.app */ = {isa = PBXFileReference; explicitFileType = wrapper.application; includeInIndex = 0; path = "Maccabi-Assignment.app"; sourceTree = BUILT_PRODUCTS_DIR; };
		97A35DDD2BA9AD22003C85A0 /* Maccabi_AssignmentApp.swift */ = {isa = PBXFileReference; lastKnownFileType = sourcecode.swift; path = Maccabi_AssignmentApp.swift; sourceTree = "<group>"; };
		97A35DDF2BA9AD22003C85A0 /* ContentView.swift */ = {isa = PBXFileReference; lastKnownFileType = sourcecode.swift; path = ContentView.swift; sourceTree = "<group>"; };
		97A35DE12BA9AD23003C85A0 /* Assets.xcassets */ = {isa = PBXFileReference; lastKnownFileType = folder.assetcatalog; path = Assets.xcassets; sourceTree = "<group>"; };
		97A35DE42BA9AD23003C85A0 /* Preview Assets.xcassets */ = {isa = PBXFileReference; lastKnownFileType = folder.assetcatalog; path = "Preview Assets.xcassets"; sourceTree = "<group>"; };
		97A35DE62BA9AD23003C85A0 /* Maccabi_Assignment.entitlements */ = {isa = PBXFileReference; lastKnownFileType = text.plist.entitlements; path = Maccabi_Assignment.entitlements; sourceTree = "<group>"; };
		97A35DEE2BA9ADFA003C85A0 /* NetworkManager.swift */ = {isa = PBXFileReference; lastKnownFileType = sourcecode.swift; path = NetworkManager.swift; sourceTree = "<group>"; };
		97A35DF32BA9AF79003C85A0 /* ProductModel.swift */ = {isa = PBXFileReference; lastKnownFileType = sourcecode.swift; path = ProductModel.swift; sourceTree = "<group>"; };
/* End PBXFileReference section */

/* Begin PBXFrameworksBuildPhase section */
		97A35DD72BA9AD22003C85A0 /* Frameworks */ = {
			isa = PBXFrameworksBuildPhase;
			buildActionMask = 2147483647;
			files = (
			);
			runOnlyForDeploymentPostprocessing = 0;
		};
/* End PBXFrameworksBuildPhase section */

/* Begin PBXGroup section */
		97069AC82BA9B990000FB62D /* ViewModels */ = {
			isa = PBXGroup;
			children = (
				97069AC92BA9B9A0000FB62D /* ProductsViewModel.swift */,
			);
			path = ViewModels;
			sourceTree = "<group>";
		};
		97A35DD12BA9AD22003C85A0 = {
			isa = PBXGroup;
			children = (
				97A35DDC2BA9AD22003C85A0 /* Maccabi-Assignment */,
				97A35DDB2BA9AD22003C85A0 /* Products */,
			);
			sourceTree = "<group>";
		};
		97A35DDB2BA9AD22003C85A0 /* Products */ = {
			isa = PBXGroup;
			children = (
				97A35DDA2BA9AD22003C85A0 /* Maccabi-Assignment.app */,
			);
			name = Products;
			sourceTree = "<group>";
		};
		97A35DDC2BA9AD22003C85A0 /* Maccabi-Assignment */ = {
			isa = PBXGroup;
			children = (
				97A35DDD2BA9AD22003C85A0 /* Maccabi_AssignmentApp.swift */,
				97A35DDF2BA9AD22003C85A0 /* ContentView.swift */,
				97069AC82BA9B990000FB62D /* ViewModels */,
				97A35DF02BA9AEF8003C85A0 /* Models */,
				97A35DED2BA9ADA5003C85A0 /* Network */,
				97A35DEC2BA9AD63003C85A0 /* Views */,
				97A35DE12BA9AD23003C85A0 /* Assets.xcassets */,
				97A35DE62BA9AD23003C85A0 /* Maccabi_Assignment.entitlements */,
				97A35DE32BA9AD23003C85A0 /* Preview Content */,
			);
			path = "Maccabi-Assignment";
			sourceTree = "<group>";
		};
		97A35DE32BA9AD23003C85A0 /* Preview Content */ = {
			isa = PBXGroup;
			children = (
				97A35DE42BA9AD23003C85A0 /* Preview Assets.xcassets */,
			);
			path = "Preview Content";
			sourceTree = "<group>";
		};
		97A35DEC2BA9AD63003C85A0 /* Views */ = {
			isa = PBXGroup;
			children = (
				97069ACB2BA9BED9000FB62D /* CategoryCardView.swift */,
				97069AD12BAACFE9000FB62D /* CategoryListView.swift */,
				97069AD32BAAD135000FB62D /* ProductCardVIew.swift */,
				97069AD52BAAD162000FB62D /* ProductListView.swift */,
			);
			path = Views;
			sourceTree = "<group>";
		};
		97A35DED2BA9ADA5003C85A0 /* Network */ = {
			isa = PBXGroup;
			children = (
				97A35DEE2BA9ADFA003C85A0 /* NetworkManager.swift */,
			);
			path = Network;
			sourceTree = "<group>";
		};
		97A35DF02BA9AEF8003C85A0 /* Models */ = {
			isa = PBXGroup;
			children = (
				97A35DF32BA9AF79003C85A0 /* ProductModel.swift */,
				97069AC62BA9B54C000FB62D /* ProductsResponseModel.swift */,
				97069ACD2BA9C2B2000FB62D /* CategoryModel.swift */,
			);
			path = Models;
			sourceTree = "<group>";
		};
/* End PBXGroup section */

/* Begin PBXNativeTarget section */
		97A35DD92BA9AD22003C85A0 /* Maccabi-Assignment */ = {
			isa = PBXNativeTarget;
			buildConfigurationList = 97A35DE92BA9AD23003C85A0 /* Build configuration list for PBXNativeTarget "Maccabi-Assignment" */;
			buildPhases = (
				97A35DD62BA9AD22003C85A0 /* Sources */,
				97A35DD72BA9AD22003C85A0 /* Frameworks */,
				97A35DD82BA9AD22003C85A0 /* Resources */,
			);
			buildRules = (
			);
			dependencies = (
			);
			name = "Maccabi-Assignment";
			productName = "Maccabi-Assignment";
			productReference = 97A35DDA2BA9AD22003C85A0 /* Maccabi-Assignment.app */;
			productType = "com.apple.product-type.application";
		};
/* End PBXNativeTarget section */

/* Begin PBXProject section */
		97A35DD22BA9AD22003C85A0 /* Project object */ = {
			isa = PBXProject;
			attributes = {
				BuildIndependentTargetsInParallel = 1;
				LastSwiftUpdateCheck = 1530;
				LastUpgradeCheck = 1530;
				TargetAttributes = {
					97A35DD92BA9AD22003C85A0 = {
						CreatedOnToolsVersion = 15.3;
					};
				};
			};
			buildConfigurationList = 97A35DD52BA9AD22003C85A0 /* Build configuration list for PBXProject "Maccabi-Assignment" */;
			compatibilityVersion = "Xcode 14.0";
			developmentRegion = en;
			hasScannedForEncodings = 0;
			knownRegions = (
				en,
				Base,
			);
			mainGroup = 97A35DD12BA9AD22003C85A0;
			productRefGroup = 97A35DDB2BA9AD22003C85A0 /* Products */;
			projectDirPath = "";
			projectRoot = "";
			targets = (
				97A35DD92BA9AD22003C85A0 /* Maccabi-Assignment */,
			);
		};
/* End PBXProject section */

/* Begin PBXResourcesBuildPhase section */
		97A35DD82BA9AD22003C85A0 /* Resources */ = {
			isa = PBXResourcesBuildPhase;
			buildActionMask = 2147483647;
			files = (
				97A35DE52BA9AD23003C85A0 /* Preview Assets.xcassets in Resources */,
				97A35DE22BA9AD23003C85A0 /* Assets.xcassets in Resources */,
			);
			runOnlyForDeploymentPostprocessing = 0;
		};
/* End PBXResourcesBuildPhase section */

/* Begin PBXSourcesBuildPhase section */
		97A35DD62BA9AD22003C85A0 /* Sources */ = {
			isa = PBXSourcesBuildPhase;
			buildActionMask = 2147483647;
			files = (
				97069AD62BAAD162000FB62D /* ProductListView.swift in Sources */,
				97069ACA2BA9B9A0000FB62D /* ProductsViewModel.swift in Sources */,
				97069ACC2BA9BED9000FB62D /* CategoryCardView.swift in Sources */,
				97A35DEF2BA9ADFA003C85A0 /* NetworkManager.swift in Sources */,
				97069AD22BAACFE9000FB62D /* CategoryListView.swift in Sources */,
				97A35DE02BA9AD22003C85A0 /* ContentView.swift in Sources */,
				97A35DDE2BA9AD22003C85A0 /* Maccabi_AssignmentApp.swift in Sources */,
				97069ACE2BA9C2B2000FB62D /* CategoryModel.swift in Sources */,
				97A35DF42BA9AF79003C85A0 /* ProductModel.swift in Sources */,
				97069AC72BA9B54C000FB62D /* ProductsResponseModel.swift in Sources */,
				97069AD42BAAD135000FB62D /* ProductCardVIew.swift in Sources */,
			);
			runOnlyForDeploymentPostprocessing = 0;
		};
/* End PBXSourcesBuildPhase section */

/* Begin XCBuildConfiguration section */
		97A35DE72BA9AD23003C85A0 /* Debug */ = {
			isa = XCBuildConfiguration;
			buildSettings = {
				ALWAYS_SEARCH_USER_PATHS = NO;
				ASSETCATALOG_COMPILER_GENERATE_SWIFT_ASSET_SYMBOL_EXTENSIONS = YES;
				CLANG_ANALYZER_NONNULL = YES;
				CLANG_ANALYZER_NUMBER_OBJECT_CONVERSION = YES_AGGRESSIVE;
				CLANG_CXX_LANGUAGE_STANDARD = "gnu++20";
				CLANG_ENABLE_MODULES = YES;
				CLANG_ENABLE_OBJC_ARC = YES;
				CLANG_ENABLE_OBJC_WEAK = YES;
				CLANG_WARN_BLOCK_CAPTURE_AUTORELEASING = YES;
				CLANG_WARN_BOOL_CONVERSION = YES;
				CLANG_WARN_COMMA = YES;
				CLANG_WARN_CONSTANT_CONVERSION = YES;
				CLANG_WARN_DEPRECATED_OBJC_IMPLEMENTATIONS = YES;
				CLANG_WARN_DIRECT_OBJC_ISA_USAGE = YES_ERROR;
				CLANG_WARN_DOCUMENTATION_COMMENTS = YES;
				CLANG_WARN_EMPTY_BODY = YES;
				CLANG_WARN_ENUM_CONVERSION = YES;
				CLANG_WARN_INFINITE_RECURSION = YES;
				CLANG_WARN_INT_CONVERSION = YES;
				CLANG_WARN_NON_LITERAL_NULL_CONVERSION = YES;
				CLANG_WARN_OBJC_IMPLICIT_RETAIN_SELF = YES;
				CLANG_WARN_OBJC_LITERAL_CONVERSION = YES;
				CLANG_WARN_OBJC_ROOT_CLASS = YES_ERROR;
				CLANG_WARN_QUOTED_INCLUDE_IN_FRAMEWORK_HEADER = YES;
				CLANG_WARN_RANGE_LOOP_ANALYSIS = YES;
				CLANG_WARN_STRICT_PROTOTYPES = YES;
				CLANG_WARN_SUSPICIOUS_MOVE = YES;
				CLANG_WARN_UNGUARDED_AVAILABILITY = YES_AGGRESSIVE;
				CLANG_WARN_UNREACHABLE_CODE = YES;
				CLANG_WARN__DUPLICATE_METHOD_MATCH = YES;
				COPY_PHASE_STRIP = NO;
				DEBUG_INFORMATION_FORMAT = dwarf;
				ENABLE_STRICT_OBJC_MSGSEND = YES;
				ENABLE_TESTABILITY = YES;
				ENABLE_USER_SCRIPT_SANDBOXING = YES;
				GCC_C_LANGUAGE_STANDARD = gnu17;
				GCC_DYNAMIC_NO_PIC = NO;
				GCC_NO_COMMON_BLOCKS = YES;
				GCC_OPTIMIZATION_LEVEL = 0;
				GCC_PREPROCESSOR_DEFINITIONS = (
					"DEBUG=1",
					"$(inherited)",
				);
				GCC_WARN_64_TO_32_BIT_CONVERSION = YES;
				GCC_WARN_ABOUT_RETURN_TYPE = YES_ERROR;
				GCC_WARN_UNDECLARED_SELECTOR = YES;
				GCC_WARN_UNINITIALIZED_AUTOS = YES_AGGRESSIVE;
				GCC_WARN_UNUSED_FUNCTION = YES;
				GCC_WARN_UNUSED_VARIABLE = YES;
				IPHONEOS_DEPLOYMENT_TARGET = 16.0;
				LOCALIZATION_PREFERS_STRING_CATALOGS = YES;
				MACOSX_DEPLOYMENT_TARGET = 14.3;
				MTL_ENABLE_DEBUG_INFO = INCLUDE_SOURCE;
				MTL_FAST_MATH = YES;
				ONLY_ACTIVE_ARCH = YES;
				SDKROOT = macosx;
				SWIFT_ACTIVE_COMPILATION_CONDITIONS = "DEBUG $(inherited)";
				SWIFT_OPTIMIZATION_LEVEL = "-Onone";
			};
			name = Debug;
		};
		97A35DE82BA9AD23003C85A0 /* Release */ = {
			isa = XCBuildConfiguration;
			buildSettings = {
				ALWAYS_SEARCH_USER_PATHS = NO;
				ASSETCATALOG_COMPILER_GENERATE_SWIFT_ASSET_SYMBOL_EXTENSIONS = YES;
				CLANG_ANALYZER_NONNULL = YES;
				CLANG_ANALYZER_NUMBER_OBJECT_CONVERSION = YES_AGGRESSIVE;
				CLANG_CXX_LANGUAGE_STANDARD = "gnu++20";
				CLANG_ENABLE_MODULES = YES;
				CLANG_ENABLE_OBJC_ARC = YES;
				CLANG_ENABLE_OBJC_WEAK = YES;
				CLANG_WARN_BLOCK_CAPTURE_AUTORELEASING = YES;
				CLANG_WARN_BOOL_CONVERSION = YES;
				CLANG_WARN_COMMA = YES;
				CLANG_WARN_CONSTANT_CONVERSION = YES;
				CLANG_WARN_DEPRECATED_OBJC_IMPLEMENTATIONS = YES;
				CLANG_WARN_DIRECT_OBJC_ISA_USAGE = YES_ERROR;
				CLANG_WARN_DOCUMENTATION_COMMENTS = YES;
				CLANG_WARN_EMPTY_BODY = YES;
				CLANG_WARN_ENUM_CONVERSION = YES;
				CLANG_WARN_INFINITE_RECURSION = YES;
				CLANG_WARN_INT_CONVERSION = YES;
				CLANG_WARN_NON_LITERAL_NULL_CONVERSION = YES;
				CLANG_WARN_OBJC_IMPLICIT_RETAIN_SELF = YES;
				CLANG_WARN_OBJC_LITERAL_CONVERSION = YES;
				CLANG_WARN_OBJC_ROOT_CLASS = YES_ERROR;
				CLANG_WARN_QUOTED_INCLUDE_IN_FRAMEWORK_HEADER = YES;
				CLANG_WARN_RANGE_LOOP_ANALYSIS = YES;
				CLANG_WARN_STRICT_PROTOTYPES = YES;
				CLANG_WARN_SUSPICIOUS_MOVE = YES;
				CLANG_WARN_UNGUARDED_AVAILABILITY = YES_AGGRESSIVE;
				CLANG_WARN_UNREACHABLE_CODE = YES;
				CLANG_WARN__DUPLICATE_METHOD_MATCH = YES;
				COPY_PHASE_STRIP = NO;
				DEBUG_INFORMATION_FORMAT = "dwarf-with-dsym";
				ENABLE_NS_ASSERTIONS = NO;
				ENABLE_STRICT_OBJC_MSGSEND = YES;
				ENABLE_USER_SCRIPT_SANDBOXING = YES;
				GCC_C_LANGUAGE_STANDARD = gnu17;
				GCC_NO_COMMON_BLOCKS = YES;
				GCC_WARN_64_TO_32_BIT_CONVERSION = YES;
				GCC_WARN_ABOUT_RETURN_TYPE = YES_ERROR;
				GCC_WARN_UNDECLARED_SELECTOR = YES;
				GCC_WARN_UNINITIALIZED_AUTOS = YES_AGGRESSIVE;
				GCC_WARN_UNUSED_FUNCTION = YES;
				GCC_WARN_UNUSED_VARIABLE = YES;
				IPHONEOS_DEPLOYMENT_TARGET = 16.0;
				LOCALIZATION_PREFERS_STRING_CATALOGS = YES;
				MACOSX_DEPLOYMENT_TARGET = 14.3;
				MTL_ENABLE_DEBUG_INFO = NO;
				MTL_FAST_MATH = YES;
				SDKROOT = macosx;
				SWIFT_COMPILATION_MODE = wholemodule;
			};
			name = Release;
		};
		97A35DEA2BA9AD23003C85A0 /* Debug */ = {
			isa = XCBuildConfiguration;
			buildSettings = {
				ASSETCATALOG_COMPILER_APPICON_NAME = AppIcon;
				ASSETCATALOG_COMPILER_GLOBAL_ACCENT_COLOR_NAME = AccentColor;
				CODE_SIGN_ENTITLEMENTS = "Maccabi-Assignment/Maccabi_Assignment.entitlements";
				CODE_SIGN_STYLE = Automatic;
				COMBINE_HIDPI_IMAGES = YES;
				CURRENT_PROJECT_VERSION = 1;
				DEVELOPMENT_ASSET_PATHS = "\"Maccabi-Assignment/Preview Content\"";
				DEVELOPMENT_TEAM = NSK9N6V88U;
				ENABLE_HARDENED_RUNTIME = YES;
				ENABLE_PREVIEWS = YES;
				GENERATE_INFOPLIST_FILE = YES;
				INFOPLIST_KEY_NSHumanReadableCopyright = "";
				"INFOPLIST_KEY_UIApplicationSceneManifest_Generation[sdk=iphoneos*]" = YES;
				"INFOPLIST_KEY_UIApplicationSceneManifest_Generation[sdk=iphonesimulator*]" = YES;
				INFOPLIST_KEY_UIApplicationSupportsIndirectInputEvents = YES;
				"INFOPLIST_KEY_UIApplicationSupportsIndirectInputEvents[sdk=iphoneos*]" = YES;
				"INFOPLIST_KEY_UIApplicationSupportsIndirectInputEvents[sdk=iphonesimulator*]" = YES;
				"INFOPLIST_KEY_UILaunchScreen_Generation[sdk=iphoneos*]" = YES;
				"INFOPLIST_KEY_UILaunchScreen_Generation[sdk=iphonesimulator*]" = YES;
				INFOPLIST_KEY_UIStatusBarStyle = "";
				INFOPLIST_KEY_UISupportedInterfaceOrientations = "UIInterfaceOrientationLandscapeLeft UIInterfaceOrientationLandscapeRight UIInterfaceOrientationPortrait";
				INFOPLIST_KEY_UISupportedInterfaceOrientations_iPad = UIInterfaceOrientationPortrait;
				LD_RUNPATH_SEARCH_PATHS = (
					"$(inherited)",
					"@executable_path/../Frameworks",
				);
				MARKETING_VERSION = 1.0;
				PRODUCT_BUNDLE_IDENTIFIER = "Menash.Maccabi-Assignment";
				PRODUCT_NAME = "$(TARGET_NAME)";
				SDKROOT = iphoneos;
				SUPPORTED_PLATFORMS = "iphoneos iphonesimulator";
				SUPPORTS_MACCATALYST = NO;
				SWIFT_EMIT_LOC_STRINGS = YES;
				SWIFT_VERSION = 5.0;
				TARGETED_DEVICE_FAMILY = 1;
			};
			name = Debug;
		};
		97A35DEB2BA9AD23003C85A0 /* Release */ = {
			isa = XCBuildConfiguration;
			buildSettings = {
				ASSETCATALOG_COMPILER_APPICON_NAME = AppIcon;
				ASSETCATALOG_COMPILER_GLOBAL_ACCENT_COLOR_NAME = AccentColor;
				CODE_SIGN_ENTITLEMENTS = "Maccabi-Assignment/Maccabi_Assignment.entitlements";
				CODE_SIGN_STYLE = Automatic;
				COMBINE_HIDPI_IMAGES = YES;
				CURRENT_PROJECT_VERSION = 1;
				DEVELOPMENT_ASSET_PATHS = "\"Maccabi-Assignment/Preview Content\"";
				DEVELOPMENT_TEAM = NSK9N6V88U;
				ENABLE_HARDENED_RUNTIME = YES;
				ENABLE_PREVIEWS = YES;
				GENERATE_INFOPLIST_FILE = YES;
				INFOPLIST_KEY_NSHumanReadableCopyright = "";
				"INFOPLIST_KEY_UIApplicationSceneManifest_Generation[sdk=iphoneos*]" = YES;
				"INFOPLIST_KEY_UIApplicationSceneManifest_Generation[sdk=iphonesimulator*]" = YES;
				INFOPLIST_KEY_UIApplicationSupportsIndirectInputEvents = "";
				"INFOPLIST_KEY_UIApplicationSupportsIndirectInputEvents[sdk=iphoneos*]" = YES;
				"INFOPLIST_KEY_UIApplicationSupportsIndirectInputEvents[sdk=iphonesimulator*]" = YES;
				"INFOPLIST_KEY_UILaunchScreen_Generation[sdk=iphoneos*]" = YES;
				"INFOPLIST_KEY_UILaunchScreen_Generation[sdk=iphonesimulator*]" = YES;
				INFOPLIST_KEY_UIStatusBarStyle = "";
				INFOPLIST_KEY_UISupportedInterfaceOrientations = "UIInterfaceOrientationLandscapeLeft UIInterfaceOrientationLandscapeRight UIInterfaceOrientationPortrait";
				INFOPLIST_KEY_UISupportedInterfaceOrientations_iPad = UIInterfaceOrientationPortrait;
				LD_RUNPATH_SEARCH_PATHS = (
					"$(inherited)",
					"@executable_path/../Frameworks",
				);
				MARKETING_VERSION = 1.0;
				PRODUCT_BUNDLE_IDENTIFIER = "Menash.Maccabi-Assignment";
				PRODUCT_NAME = "$(TARGET_NAME)";
				SDKROOT = iphoneos;
				SUPPORTED_PLATFORMS = "iphoneos iphonesimulator";
				SUPPORTS_MACCATALYST = NO;
				SWIFT_EMIT_LOC_STRINGS = YES;
				SWIFT_VERSION = 5.0;
				TARGETED_DEVICE_FAMILY = 1;
			};
			name = Release;
		};
/* End XCBuildConfiguration section */

/* Begin XCConfigurationList section */
		97A35DD52BA9AD22003C85A0 /* Build configuration list for PBXProject "Maccabi-Assignment" */ = {
			isa = XCConfigurationList;
			buildConfigurations = (
				97A35DE72BA9AD23003C85A0 /* Debug */,
				97A35DE82BA9AD23003C85A0 /* Release */,
			);
			defaultConfigurationIsVisible = 0;
			defaultConfigurationName = Release;
		};
		97A35DE92BA9AD23003C85A0 /* Build configuration list for PBXNativeTarget "Maccabi-Assignment" */ = {
			isa = XCConfigurationList;
			buildConfigurations = (
				97A35DEA2BA9AD23003C85A0 /* Debug */,
				97A35DEB2BA9AD23003C85A0 /* Release */,
			);
			defaultConfigurationIsVisible = 0;
			defaultConfigurationName = Release;
		};
/* End XCConfigurationList section */
	};
	rootObject = 97A35DD22BA9AD22003C85A0 /* Project object */;
}
